
Microsoft Visual Studio Solution File, Format Version 12.00
# Visual Studio 2013
VisualStudioVersion = 12.0.31101.0
MinimumVisualStudioVersion = 10.0.40219.1
Project("{2150E333-8FDC-42A3-9474-1A3956D46DE8}") = "Clients", "Clients", "{AC82F642-763D-4614-A735-2CA2FF88F3E9}"
EndProject
Project("{2150E333-8FDC-42A3-9474-1A3956D46DE8}") = "Hosts", "Hosts", "{C57A0480-E877-4692-8DE7-AB6ADE2498D7}"
EndProject
Project("{2150E333-8FDC-42A3-9474-1A3956D46DE8}") = "Interfaces", "Interfaces", "{CE57C8FE-40E3-42DA-92B0-0EDA60AC7A16}"
EndProject
Project("{2150E333-8FDC-42A3-9474-1A3956D46DE8}") = "Services", "Services", "{2F24CAB9-5948-4E95-8FFB-FD72290A30E8}"
EndProject
Project("{FAE04EC0-301F-11D3-BF4B-00C04F79EFBC}") = "CarManagementInterface", "Interfaces\CarManagementInterface\CarManagementInterface.csproj", "{22E0C37C-92C1-4A94-8E61-8C4AE0FFF9D7}"
EndProject
Project("{FAE04EC0-301F-11D3-BF4B-00C04F79EFBC}") = "CustomerInterface", "Interfaces\CustomerInterface\CustomerInterface.csproj", "{7037A9FE-54A0-4728-BACD-385FD04C75AC}"
EndProject
Project("{FAE04EC0-301F-11D3-BF4B-00C04F79EFBC}") = "RentalInterface", "Interfaces\RentalInterface\RentalInterface.csproj", "{B9BD1BCC-23DA-4E58-9A7B-C9A8C871EE75}"
EndProject
Project("{FAE04EC0-301F-11D3-BF4B-00C04F79EFBC}") = "ExternalInterface", "Interfaces\ExternalInterface\ExternalInterface.csproj", "{6A6AFD15-0357-4A50-A2E1-6BEEC70ACEB1}"
EndProject
Project("{FAE04EC0-301F-11D3-BF4B-00C04F79EFBC}") = "CarManagementService", "Services\CarManagementService\CarManagementService.csproj", "{BB575518-4157-42A6-8139-7FF147C53937}"
EndProject
Project("{FAE04EC0-301F-11D3-BF4B-00C04F79EFBC}") = "CustomerService", "Services\CustomerService\CustomerService.csproj", "{B09554B3-D023-4922-BB7D-E070A2407E65}"
EndProject
Project("{FAE04EC0-301F-11D3-BF4B-00C04F79EFBC}") = "ExternalInterfaceFacade", "Services\ExternalInterfaceFacade\ExternalInterfaceFacade.csproj", "{CFF2101D-9E36-41E0-8FB4-C711385B50AC}"
EndProject
Project("{FAE04EC0-301F-11D3-BF4B-00C04F79EFBC}") = "RentalService", "Services\RentalService\RentalService.csproj", "{E2ACBC2F-6B57-4A2C-A49B-774AE86105EA}"
EndProject
Project("{FAE04EC0-301F-11D3-BF4B-00C04F79EFBC}") = "HostAllServices", "Hosts\HostAllServices\HostAllServices.csproj", "{CE35FDC8-C9E6-4BDB-897C-921C03484F50}"
EndProject
Project("{FAE04EC0-301F-11D3-BF4B-00C04F79EFBC}") = "CarApplication", "Clients\CarApplication\CarApplication.csproj", "{9A8CF5BE-CF20-4EB2-BF91-4A94ACE541D5}"
EndProject
Project("{FAE04EC0-301F-11D3-BF4B-00C04F79EFBC}") = "RentalApplication", "Clients\RentalApplication\RentalApplication.csproj", "{E46A62A8-AFF8-4184-BFC8-51FFDD0ACA7D}"
EndProject
Global
	GlobalSection(SolutionConfigurationPlatforms) = preSolution
		Debug|Any CPU = Debug|Any CPU
		Release|Any CPU = Release|Any CPU
	EndGlobalSection
	GlobalSection(ProjectConfigurationPlatforms) = postSolution
		{22E0C37C-92C1-4A94-8E61-8C4AE0FFF9D7}.Debug|Any CPU.ActiveCfg = Debug|Any CPU
		{22E0C37C-92C1-4A94-8E61-8C4AE0FFF9D7}.Debug|Any CPU.Build.0 = Debug|Any CPU
		{22E0C37C-92C1-4A94-8E61-8C4AE0FFF9D7}.Release|Any CPU.ActiveCfg = Release|Any CPU
		{22E0C37C-92C1-4A94-8E61-8C4AE0FFF9D7}.Release|Any CPU.Build.0 = Release|Any CPU
		{7037A9FE-54A0-4728-BACD-385FD04C75AC}.Debug|Any CPU.ActiveCfg = Debug|Any CPU
		{7037A9FE-54A0-4728-BACD-385FD04C75AC}.Debug|Any CPU.Build.0 = Debug|Any CPU
		{7037A9FE-54A0-4728-BACD-385FD04C75AC}.Release|Any CPU.ActiveCfg = Release|Any CPU
		{7037A9FE-54A0-4728-BACD-385FD04C75AC}.Release|Any CPU.Build.0 = Release|Any CPU
		{B9BD1BCC-23DA-4E58-9A7B-C9A8C871EE75}.Debug|Any CPU.ActiveCfg = Debug|Any CPU
		{B9BD1BCC-23DA-4E58-9A7B-C9A8C871EE75}.Debug|Any CPU.Build.0 = Debug|Any CPU
		{B9BD1BCC-23DA-4E58-9A7B-C9A8C871EE75}.Release|Any CPU.ActiveCfg = Release|Any CPU
		{B9BD1BCC-23DA-4E58-9A7B-C9A8C871EE75}.Release|Any CPU.Build.0 = Release|Any CPU
		{6A6AFD15-0357-4A50-A2E1-6BEEC70ACEB1}.Debug|Any CPU.ActiveCfg = Debug|Any CPU
		{6A6AFD15-0357-4A50-A2E1-6BEEC70ACEB1}.Debug|Any CPU.Build.0 = Debug|Any CPU
		{6A6AFD15-0357-4A50-A2E1-6BEEC70ACEB1}.Release|Any CPU.ActiveCfg = Release|Any CPU
		{6A6AFD15-0357-4A50-A2E1-6BEEC70ACEB1}.Release|Any CPU.Build.0 = Release|Any CPU
		{BB575518-4157-42A6-8139-7FF147C53937}.Debug|Any CPU.ActiveCfg = Debug|Any CPU
		{BB575518-4157-42A6-8139-7FF147C53937}.Debug|Any CPU.Build.0 = Debug|Any CPU
		{BB575518-4157-42A6-8139-7FF147C53937}.Release|Any CPU.ActiveCfg = Release|Any CPU
		{BB575518-4157-42A6-8139-7FF147C53937}.Release|Any CPU.Build.0 = Release|Any CPU
		{B09554B3-D023-4922-BB7D-E070A2407E65}.Debug|Any CPU.ActiveCfg = Debug|Any CPU
		{B09554B3-D023-4922-BB7D-E070A2407E65}.Debug|Any CPU.Build.0 = Debug|Any CPU
		{B09554B3-D023-4922-BB7D-E070A2407E65}.Release|Any CPU.ActiveCfg = Release|Any CPU
		{B09554B3-D023-4922-BB7D-E070A2407E65}.Release|Any CPU.Build.0 = Release|Any CPU
		{CFF2101D-9E36-41E0-8FB4-C711385B50AC}.Debug|Any CPU.ActiveCfg = Debug|Any CPU
		{CFF2101D-9E36-41E0-8FB4-C711385B50AC}.Debug|Any CPU.Build.0 = Debug|Any CPU
		{CFF2101D-9E36-41E0-8FB4-C711385B50AC}.Release|Any CPU.ActiveCfg = Release|Any CPU
		{CFF2101D-9E36-41E0-8FB4-C711385B50AC}.Release|Any CPU.Build.0 = Release|Any CPU
		{E2ACBC2F-6B57-4A2C-A49B-774AE86105EA}.Debug|Any CPU.ActiveCfg = Debug|Any CPU
		{E2ACBC2F-6B57-4A2C-A49B-774AE86105EA}.Debug|Any CPU.Build.0 = Debug|Any CPU
		{E2ACBC2F-6B57-4A2C-A49B-774AE86105EA}.Release|Any CPU.ActiveCfg = Release|Any CPU
		{E2ACBC2F-6B57-4A2C-A49B-774AE86105EA}.Release|Any CPU.Build.0 = Release|Any CPU
		{CE35FDC8-C9E6-4BDB-897C-921C03484F50}.Debug|Any CPU.ActiveCfg = Debug|Any CPU
		{CE35FDC8-C9E6-4BDB-897C-921C03484F50}.Debug|Any CPU.Build.0 = Debug|Any CPU
		{CE35FDC8-C9E6-4BDB-897C-921C03484F50}.Release|Any CPU.ActiveCfg = Release|Any CPU
		{CE35FDC8-C9E6-4BDB-897C-921C03484F50}.Release|Any CPU.Build.0 = Release|Any CPU
		{9A8CF5BE-CF20-4EB2-BF91-4A94ACE541D5}.Debug|Any CPU.ActiveCfg = Debug|Any CPU
		{9A8CF5BE-CF20-4EB2-BF91-4A94ACE541D5}.Debug|Any CPU.Build.0 = Debug|Any CPU
		{9A8CF5BE-CF20-4EB2-BF91-4A94ACE541D5}.Release|Any CPU.ActiveCfg = Release|Any CPU
		{9A8CF5BE-CF20-4EB2-BF91-4A94ACE541D5}.Release|Any CPU.Build.0 = Release|Any CPU
		{E46A62A8-AFF8-4184-BFC8-51FFDD0ACA7D}.Debug|Any CPU.ActiveCfg = Debug|Any CPU
		{E46A62A8-AFF8-4184-BFC8-51FFDD0ACA7D}.Debug|Any CPU.Build.0 = Debug|Any CPU
		{E46A62A8-AFF8-4184-BFC8-51FFDD0ACA7D}.Release|Any CPU.ActiveCfg = Release|Any CPU
		{E46A62A8-AFF8-4184-BFC8-51FFDD0ACA7D}.Release|Any CPU.Build.0 = Release|Any CPU
	EndGlobalSection
	GlobalSection(SolutionProperties) = preSolution
		HideSolutionNode = FALSE
	EndGlobalSection
	GlobalSection(NestedProjects) = preSolution
		{22E0C37C-92C1-4A94-8E61-8C4AE0FFF9D7} = {CE57C8FE-40E3-42DA-92B0-0EDA60AC7A16}
		{7037A9FE-54A0-4728-BACD-385FD04C75AC} = {CE57C8FE-40E3-42DA-92B0-0EDA60AC7A16}
		{B9BD1BCC-23DA-4E58-9A7B-C9A8C871EE75} = {CE57C8FE-40E3-42DA-92B0-0EDA60AC7A16}
		{6A6AFD15-0357-4A50-A2E1-6BEEC70ACEB1} = {CE57C8FE-40E3-42DA-92B0-0EDA60AC7A16}
		{BB575518-4157-42A6-8139-7FF147C53937} = {2F24CAB9-5948-4E95-8FFB-FD72290A30E8}
		{B09554B3-D023-4922-BB7D-E070A2407E65} = {2F24CAB9-5948-4E95-8FFB-FD72290A30E8}
		{CFF2101D-9E36-41E0-8FB4-C711385B50AC} = {2F24CAB9-5948-4E95-8FFB-FD72290A30E8}
		{E2ACBC2F-6B57-4A2C-A49B-774AE86105EA} = {2F24CAB9-5948-4E95-8FFB-FD72290A30E8}
		{CE35FDC8-C9E6-4BDB-897C-921C03484F50} = {C57A0480-E877-4692-8DE7-AB6ADE2498D7}
		{9A8CF5BE-CF20-4EB2-BF91-4A94ACE541D5} = {AC82F642-763D-4614-A735-2CA2FF88F3E9}
		{E46A62A8-AFF8-4184-BFC8-51FFDD0ACA7D} = {AC82F642-763D-4614-A735-2CA2FF88F3E9}
	EndGlobalSection
EndGlobal
